schema: '2.0'
stages:
  get_data:
    cmd: python classification_module/dataset.py --output data/iris.csv
    deps:
    - path: classification_module/dataset.py
      hash: md5
      md5: 30873dd4e76574b9df76d8ebef3dd4ce
      size: 507
    outs:
    - path: data/iris.csv
      hash: md5
      md5: 21d441a28bce4417276097df955afc50
      size: 2928
  featurize:
    cmd: python classification_module/features.py --input data/iris.csv --output
      data/processed/iris
    deps:
    - path: classification_module/features.py
      hash: md5
      md5: 0cf5bca32e37c2ddc70c3e6eab2f08f0
      size: 673
    - path: data/iris.csv
      hash: md5
      md5: 21d441a28bce4417276097df955afc50
      size: 2928
    outs:
    - path: data/processed/iris_X.csv
      hash: md5
      md5: 743c9f03b776e468c517b941773fe713
      size: 2621
    - path: data/processed/iris_y.csv
      hash: md5
      md5: 0c5aae4fd447e5853eff6d7534815504
      size: 458
  train:
    cmd: python scripts/train_with_hydra.py model=random_forest
    deps:
    - path: classification_module/modeling/train.py
      hash: md5
      md5: 2f833f1d21ef307b8bc3f25d81d92130
      size: 1044
    - path: conf/config.yaml
      hash: md5
      md5: c260af61a3818d58673eef26f8ff5684
      size: 195
    - path: conf/model/random_forest.yaml
      hash: md5
      md5: 7dfe37fe620b18b0c1b3602a2f08cae1
      size: 66
    - path: data/processed/iris_X.csv
      hash: md5
      md5: 743c9f03b776e468c517b941773fe713
      size: 2621
    - path: data/processed/iris_y.csv
      hash: md5
      md5: 0c5aae4fd447e5853eff6d7534815504
      size: 458
    - path: scripts/train_with_hydra.py
      hash: md5
      md5: e5af273aedc28bb645f2dda7889f229c
      size: 309
    outs:
    - path: models/model.pkl
      hash: md5
      md5: a310555d25598f4d6b6ac2a8b2593f4e
      size: 179825
  predict:
    cmd: python classification_module/modeling/predict.py --model
      models/model.pkl --X data/processed/iris_X.csv --output
      reports/predictions.csv
    deps:
    - path: classification_module/modeling/predict.py
      hash: md5
      md5: 8f5addf15822f63131002af71cddb9d8
      size: 635
    - path: data/processed/iris_X.csv
      hash: md5
      md5: 743c9f03b776e468c517b941773fe713
      size: 2621
    - path: models/model.pkl
      hash: md5
      md5: a310555d25598f4d6b6ac2a8b2593f4e
      size: 179825
    outs:
    - path: reports/predictions.csv
      hash: md5
      md5: 08f636d2abf53b516c9256f91f12df7a
      size: 462
